// !$*UTF8*$!
{
	archiveVersion = 1;
	classes = {
	};
	objectVersion = 50;
	objects = {

/* Begin PBXBuildFile section */
		DC04E8E3268F83840040F7A9 /* AppDelegate.swift in Sources */ = {isa = PBXBuildFile; fileRef = DC04E8E2268F83840040F7A9 /* AppDelegate.swift */; };
		DC04E8E9268F83850040F7A9 /* DDScene.swift in Sources */ = {isa = PBXBuildFile; fileRef = DC04E8E8268F83850040F7A9 /* DDScene.swift */; };
		DC04E8EB268F83850040F7A9 /* DDViewController.swift in Sources */ = {isa = PBXBuildFile; fileRef = DC04E8EA268F83850040F7A9 /* DDViewController.swift */; };
		DC04E8EE268F83850040F7A9 /* Main.storyboard in Resources */ = {isa = PBXBuildFile; fileRef = DC04E8EC268F83850040F7A9 /* Main.storyboard */; };
		DC04E8F0268F83880040F7A9 /* Assets.xcassets in Resources */ = {isa = PBXBuildFile; fileRef = DC04E8EF268F83880040F7A9 /* Assets.xcassets */; };
		DC04E8FB268F83890040F7A9 /* DewdropTests.swift in Sources */ = {isa = PBXBuildFile; fileRef = DC04E8FA268F83890040F7A9 /* DewdropTests.swift */; };
		DC04E906268F83890040F7A9 /* DewdropUITests.swift in Sources */ = {isa = PBXBuildFile; fileRef = DC04E905268F83890040F7A9 /* DewdropUITests.swift */; };
		DC0754B22697EF2700C9F376 /* DDAimTouchNode.swift in Sources */ = {isa = PBXBuildFile; fileRef = DC0754B12697EF2700C9F376 /* DDAimTouchNode.swift */; };
		DC78A7F426966DD0000FFCFD /* DDMoveTouchNode.swift in Sources */ = {isa = PBXBuildFile; fileRef = DC78A7F326966DD0000FFCFD /* DDMoveTouchNode.swift */; };
		DCB9A97C2698F0E700B396CC /* DDPlayerDroplet.swift in Sources */ = {isa = PBXBuildFile; fileRef = DCB9A97B2698F0E700B396CC /* DDPlayerDroplet.swift */; };
		DCB9A97E2698F28F00B396CC /* DDGun.swift in Sources */ = {isa = PBXBuildFile; fileRef = DCB9A97D2698F28F00B396CC /* DDGun.swift */; };
		DCC29B99269206720023D58E /* DDPlayerNode.swift in Sources */ = {isa = PBXBuildFile; fileRef = DCC29B98269206720023D58E /* DDPlayerNode.swift */; };
		DCC29BA2269223ED0023D58E /* DDScene.sks in Resources */ = {isa = PBXBuildFile; fileRef = DCC29BA1269223ED0023D58E /* DDScene.sks */; };
		DCC29BA4269226690023D58E /* DDSceneAddable.swift in Sources */ = {isa = PBXBuildFile; fileRef = DCC29BA3269226690023D58E /* DDSceneAddable.swift */; };
		DCCD192E2693DABB002F5585 /* PIDController.swift in Sources */ = {isa = PBXBuildFile; fileRef = DCCD192D2693DABB002F5585 /* PIDController.swift */; };
		DCCD19302693E026002F5585 /* DDView.swift in Sources */ = {isa = PBXBuildFile; fileRef = DCCD192F2693E026002F5585 /* DDView.swift */; };
		DCF9815726983FD400430005 /* DDBitmask.swift in Sources */ = {isa = PBXBuildFile; fileRef = DCF9815626983FD400430005 /* DDBitmask.swift */; };
		DCFE14EA269B4EE200896428 /* AncestralPosition.swift in Sources */ = {isa = PBXBuildFile; fileRef = DCFE14E9269B4EE200896428 /* AncestralPosition.swift */; };
/* End PBXBuildFile section */

/* Begin PBXContainerItemProxy section */
		DC04E8F7268F83890040F7A9 /* PBXContainerItemProxy */ = {
			isa = PBXContainerItemProxy;
			containerPortal = DC04E8D7268F83840040F7A9 /* Project object */;
			proxyType = 1;
			remoteGlobalIDString = DC04E8DE268F83840040F7A9;
			remoteInfo = Dewdrop;
		};
		DC04E902268F83890040F7A9 /* PBXContainerItemProxy */ = {
			isa = PBXContainerItemProxy;
			containerPortal = DC04E8D7268F83840040F7A9 /* Project object */;
			proxyType = 1;
			remoteGlobalIDString = DC04E8DE268F83840040F7A9;
			remoteInfo = Dewdrop;
		};
/* End PBXContainerItemProxy section */

/* Begin PBXFileReference section */
		DC04E8DF268F83840040F7A9 /* Dewdrop.app */ = {isa = PBXFileReference; explicitFileType = wrapper.application; includeInIndex = 0; path = Dewdrop.app; sourceTree = BUILT_PRODUCTS_DIR; };
		DC04E8E2268F83840040F7A9 /* AppDelegate.swift */ = {isa = PBXFileReference; lastKnownFileType = sourcecode.swift; path = AppDelegate.swift; sourceTree = "<group>"; };
		DC04E8E8268F83850040F7A9 /* DDScene.swift */ = {isa = PBXFileReference; lastKnownFileType = sourcecode.swift; path = DDScene.swift; sourceTree = "<group>"; };
		DC04E8EA268F83850040F7A9 /* DDViewController.swift */ = {isa = PBXFileReference; lastKnownFileType = sourcecode.swift; path = DDViewController.swift; sourceTree = "<group>"; };
		DC04E8ED268F83850040F7A9 /* Base */ = {isa = PBXFileReference; lastKnownFileType = file.storyboard; name = Base; path = Base.lproj/Main.storyboard; sourceTree = "<group>"; };
		DC04E8EF268F83880040F7A9 /* Assets.xcassets */ = {isa = PBXFileReference; lastKnownFileType = folder.assetcatalog; path = Assets.xcassets; sourceTree = "<group>"; };
		DC04E8F1268F83880040F7A9 /* Info.plist */ = {isa = PBXFileReference; lastKnownFileType = text.plist.xml; path = Info.plist; sourceTree = "<group>"; };
		DC04E8F6268F83890040F7A9 /* DewdropTests.xctest */ = {isa = PBXFileReference; explicitFileType = wrapper.cfbundle; includeInIndex = 0; path = DewdropTests.xctest; sourceTree = BUILT_PRODUCTS_DIR; };
		DC04E8FA268F83890040F7A9 /* DewdropTests.swift */ = {isa = PBXFileReference; lastKnownFileType = sourcecode.swift; path = DewdropTests.swift; sourceTree = "<group>"; };
		DC04E8FC268F83890040F7A9 /* Info.plist */ = {isa = PBXFileReference; lastKnownFileType = text.plist.xml; path = Info.plist; sourceTree = "<group>"; };
		DC04E901268F83890040F7A9 /* DewdropUITests.xctest */ = {isa = PBXFileReference; explicitFileType = wrapper.cfbundle; includeInIndex = 0; path = DewdropUITests.xctest; sourceTree = BUILT_PRODUCTS_DIR; };
		DC04E905268F83890040F7A9 /* DewdropUITests.swift */ = {isa = PBXFileReference; lastKnownFileType = sourcecode.swift; path = DewdropUITests.swift; sourceTree = "<group>"; };
		DC04E907268F83890040F7A9 /* Info.plist */ = {isa = PBXFileReference; lastKnownFileType = text.plist.xml; path = Info.plist; sourceTree = "<group>"; };
		DC0754B12697EF2700C9F376 /* DDAimTouchNode.swift */ = {isa = PBXFileReference; lastKnownFileType = sourcecode.swift; path = DDAimTouchNode.swift; sourceTree = "<group>"; };
		DC78A7F326966DD0000FFCFD /* DDMoveTouchNode.swift */ = {isa = PBXFileReference; lastKnownFileType = sourcecode.swift; path = DDMoveTouchNode.swift; sourceTree = "<group>"; };
		DCB9A97B2698F0E700B396CC /* DDPlayerDroplet.swift */ = {isa = PBXFileReference; lastKnownFileType = sourcecode.swift; path = DDPlayerDroplet.swift; sourceTree = "<group>"; };
		DCB9A97D2698F28F00B396CC /* DDGun.swift */ = {isa = PBXFileReference; lastKnownFileType = sourcecode.swift; path = DDGun.swift; sourceTree = "<group>"; };
		DCC29B98269206720023D58E /* DDPlayerNode.swift */ = {isa = PBXFileReference; lastKnownFileType = sourcecode.swift; path = DDPlayerNode.swift; sourceTree = "<group>"; };
		DCC29BA1269223ED0023D58E /* DDScene.sks */ = {isa = PBXFileReference; lastKnownFileType = file.sks; path = DDScene.sks; sourceTree = "<group>"; };
		DCC29BA3269226690023D58E /* DDSceneAddable.swift */ = {isa = PBXFileReference; lastKnownFileType = sourcecode.swift; path = DDSceneAddable.swift; sourceTree = "<group>"; };
		DCCD192D2693DABB002F5585 /* PIDController.swift */ = {isa = PBXFileReference; lastKnownFileType = sourcecode.swift; path = PIDController.swift; sourceTree = "<group>"; };
		DCCD192F2693E026002F5585 /* DDView.swift */ = {isa = PBXFileReference; lastKnownFileType = sourcecode.swift; path = DDView.swift; sourceTree = "<group>"; };
		DCF9815626983FD400430005 /* DDBitmask.swift */ = {isa = PBXFileReference; lastKnownFileType = sourcecode.swift; path = DDBitmask.swift; sourceTree = "<group>"; };
		DCFE14E9269B4EE200896428 /* AncestralPosition.swift */ = {isa = PBXFileReference; lastKnownFileType = sourcecode.swift; path = AncestralPosition.swift; sourceTree = "<group>"; };
/* End PBXFileReference section */

/* Begin PBXFrameworksBuildPhase section */
		DC04E8DC268F83840040F7A9 /* Frameworks */ = {
			isa = PBXFrameworksBuildPhase;
			buildActionMask = 2147483647;
			files = (
			);
			runOnlyForDeploymentPostprocessing = 0;
		};
		DC04E8F3268F83890040F7A9 /* Frameworks */ = {
			isa = PBXFrameworksBuildPhase;
			buildActionMask = 2147483647;
			files = (
			);
			runOnlyForDeploymentPostprocessing = 0;
		};
		DC04E8FE268F83890040F7A9 /* Frameworks */ = {
			isa = PBXFrameworksBuildPhase;
			buildActionMask = 2147483647;
			files = (
			);
			runOnlyForDeploymentPostprocessing = 0;
		};
/* End PBXFrameworksBuildPhase section */

/* Begin PBXGroup section */
		DC04E8D6268F83840040F7A9 = {
			isa = PBXGroup;
			children = (
				DC04E8E1268F83840040F7A9 /* Dewdrop */,
				DC04E8F9268F83890040F7A9 /* DewdropTests */,
				DC04E904268F83890040F7A9 /* DewdropUITests */,
				DC04E8E0268F83840040F7A9 /* Products */,
			);
			sourceTree = "<group>";
		};
		DC04E8E0268F83840040F7A9 /* Products */ = {
			isa = PBXGroup;
			children = (
				DC04E8DF268F83840040F7A9 /* Dewdrop.app */,
				DC04E8F6268F83890040F7A9 /* DewdropTests.xctest */,
				DC04E901268F83890040F7A9 /* DewdropUITests.xctest */,
			);
			name = Products;
			sourceTree = "<group>";
		};
		DC04E8E1268F83840040F7A9 /* Dewdrop */ = {
			isa = PBXGroup;
			children = (
				DC04E8E2268F83840040F7A9 /* AppDelegate.swift */,
				DC04E8EF268F83880040F7A9 /* Assets.xcassets */,
				DC2C59DC2699E0C6001F49D9 /* Entities */,
				DC04E8F1268F83880040F7A9 /* Info.plist */,
				DC04E8EC268F83850040F7A9 /* Main.storyboard */,
				DC2C59DD2699E0E2001F49D9 /* Physics */,
				DC2C59DE2699E0ED001F49D9 /* View */,
			);
			path = Dewdrop;
			sourceTree = "<group>";
		};
		DC04E8F9268F83890040F7A9 /* DewdropTests */ = {
			isa = PBXGroup;
			children = (
				DC04E8FA268F83890040F7A9 /* DewdropTests.swift */,
				DC04E8FC268F83890040F7A9 /* Info.plist */,
			);
			path = DewdropTests;
			sourceTree = "<group>";
		};
		DC04E904268F83890040F7A9 /* DewdropUITests */ = {
			isa = PBXGroup;
			children = (
				DC04E905268F83890040F7A9 /* DewdropUITests.swift */,
				DC04E907268F83890040F7A9 /* Info.plist */,
			);
			path = DewdropUITests;
			sourceTree = "<group>";
		};
		DC2C59DC2699E0C6001F49D9 /* Entities */ = {
			isa = PBXGroup;
			children = (
				DC0754B12697EF2700C9F376 /* DDAimTouchNode.swift */,
				DCB9A97D2698F28F00B396CC /* DDGun.swift */,
				DC78A7F326966DD0000FFCFD /* DDMoveTouchNode.swift */,
				DCB9A97B2698F0E700B396CC /* DDPlayerDroplet.swift */,
				DCC29B98269206720023D58E /* DDPlayerNode.swift */,
				DCC29BA3269226690023D58E /* DDSceneAddable.swift */,
			);
			path = Entities;
			sourceTree = "<group>";
		};
		DC2C59DD2699E0E2001F49D9 /* Physics */ = {
			isa = PBXGroup;
			children = (
				DCFE14E9269B4EE200896428 /* AncestralPosition.swift */,
				DCF9815626983FD400430005 /* DDBitmask.swift */,
				DCCD192D2693DABB002F5585 /* PIDController.swift */,
			);
			path = Physics;
			sourceTree = "<group>";
		};
		DC2C59DE2699E0ED001F49D9 /* View */ = {
			isa = PBXGroup;
			children = (
				DCC29BA1269223ED0023D58E /* DDScene.sks */,
				DC04E8E8268F83850040F7A9 /* DDScene.swift */,
				DCCD192F2693E026002F5585 /* DDView.swift */,
				DC04E8EA268F83850040F7A9 /* DDViewController.swift */,
			);
			path = View;
			sourceTree = "<group>";
		};
/* End PBXGroup section */

/* Begin PBXNativeTarget section */
		DC04E8DE268F83840040F7A9 /* Dewdrop */ = {
			isa = PBXNativeTarget;
			buildConfigurationList = DC04E90A268F83890040F7A9 /* Build configuration list for PBXNativeTarget "Dewdrop" */;
			buildPhases = (
				DC04E8DB268F83840040F7A9 /* Sources */,
				DC04E8DC268F83840040F7A9 /* Frameworks */,
				DC04E8DD268F83840040F7A9 /* Resources */,
			);
			buildRules = (
			);
			dependencies = (
			);
			name = Dewdrop;
			productName = Dewdrop;
			productReference = DC04E8DF268F83840040F7A9 /* Dewdrop.app */;
			productType = "com.apple.product-type.application";
		};
		DC04E8F5268F83890040F7A9 /* DewdropTests */ = {
			isa = PBXNativeTarget;
			buildConfigurationList = DC04E90D268F83890040F7A9 /* Build configuration list for PBXNativeTarget "DewdropTests" */;
			buildPhases = (
				DC04E8F2268F83890040F7A9 /* Sources */,
				DC04E8F3268F83890040F7A9 /* Frameworks */,
				DC04E8F4268F83890040F7A9 /* Resources */,
			);
			buildRules = (
			);
			dependencies = (
				DC04E8F8268F83890040F7A9 /* PBXTargetDependency */,
			);
			name = DewdropTests;
			productName = DewdropTests;
			productReference = DC04E8F6268F83890040F7A9 /* DewdropTests.xctest */;
			productType = "com.apple.product-type.bundle.unit-test";
		};
		DC04E900268F83890040F7A9 /* DewdropUITests */ = {
			isa = PBXNativeTarget;
			buildConfigurationList = DC04E910268F83890040F7A9 /* Build configuration list for PBXNativeTarget "DewdropUITests" */;
			buildPhases = (
				DC04E8FD268F83890040F7A9 /* Sources */,
				DC04E8FE268F83890040F7A9 /* Frameworks */,
				DC04E8FF268F83890040F7A9 /* Resources */,
			);
			buildRules = (
			);
			dependencies = (
				DC04E903268F83890040F7A9 /* PBXTargetDependency */,
			);
			name = DewdropUITests;
			productName = DewdropUITests;
			productReference = DC04E901268F83890040F7A9 /* DewdropUITests.xctest */;
			productType = "com.apple.product-type.bundle.ui-testing";
		};
/* End PBXNativeTarget section */

/* Begin PBXProject section */
		DC04E8D7268F83840040F7A9 /* Project object */ = {
			isa = PBXProject;
			attributes = {
				LastSwiftUpdateCheck = 1240;
				LastUpgradeCheck = 1240;
				TargetAttributes = {
					DC04E8DE268F83840040F7A9 = {
						CreatedOnToolsVersion = 12.4;
					};
					DC04E8F5268F83890040F7A9 = {
						CreatedOnToolsVersion = 12.4;
						TestTargetID = DC04E8DE268F83840040F7A9;
					};
					DC04E900268F83890040F7A9 = {
						CreatedOnToolsVersion = 12.4;
						TestTargetID = DC04E8DE268F83840040F7A9;
					};
				};
			};
			buildConfigurationList = DC04E8DA268F83840040F7A9 /* Build configuration list for PBXProject "Dewdrop" */;
			compatibilityVersion = "Xcode 9.3";
			developmentRegion = en;
			hasScannedForEncodings = 0;
			knownRegions = (
				en,
				Base,
			);
			mainGroup = DC04E8D6268F83840040F7A9;
			productRefGroup = DC04E8E0268F83840040F7A9 /* Products */;
			projectDirPath = "";
			projectRoot = "";
			targets = (
				DC04E8DE268F83840040F7A9 /* Dewdrop */,
				DC04E8F5268F83890040F7A9 /* DewdropTests */,
				DC04E900268F83890040F7A9 /* DewdropUITests */,
			);
		};
/* End PBXProject section */

/* Begin PBXResourcesBuildPhase section */
		DC04E8DD268F83840040F7A9 /* Resources */ = {
			isa = PBXResourcesBuildPhase;
			buildActionMask = 2147483647;
			files = (
				DC04E8EE268F83850040F7A9 /* Main.storyboard in Resources */,
				DC04E8F0268F83880040F7A9 /* Assets.xcassets in Resources */,
				DCC29BA2269223ED0023D58E /* DDScene.sks in Resources */,
			);
			runOnlyForDeploymentPostprocessing = 0;
		};
		DC04E8F4268F83890040F7A9 /* Resources */ = {
			isa = PBXResourcesBuildPhase;
			buildActionMask = 2147483647;
			files = (
			);
			runOnlyForDeploymentPostprocessing = 0;
		};
		DC04E8FF268F83890040F7A9 /* Resources */ = {
			isa = PBXResourcesBuildPhase;
			buildActionMask = 2147483647;
			files = (
			);
			runOnlyForDeploymentPostprocessing = 0;
		};
/* End PBXResourcesBuildPhase section */

/* Begin PBXSourcesBuildPhase section */
		DC04E8DB268F83840040F7A9 /* Sources */ = {
			isa = PBXSourcesBuildPhase;
			buildActionMask = 2147483647;
			files = (
				DC78A7F426966DD0000FFCFD /* DDMoveTouchNode.swift in Sources */,
				DCC29B99269206720023D58E /* DDPlayerNode.swift in Sources */,
				DCB9A97C2698F0E700B396CC /* DDPlayerDroplet.swift in Sources */,
				DCC29BA4269226690023D58E /* DDSceneAddable.swift in Sources */,
				DCB9A97E2698F28F00B396CC /* DDGun.swift in Sources */,
				DC04E8E9268F83850040F7A9 /* DDScene.swift in Sources */,
				DCCD192E2693DABB002F5585 /* PIDController.swift in Sources */,
				DCFE14EA269B4EE200896428 /* AncestralPosition.swift in Sources */,
				DC04E8EB268F83850040F7A9 /* DDViewController.swift in Sources */,
				DC0754B22697EF2700C9F376 /* DDAimTouchNode.swift in Sources */,
				DCCD19302693E026002F5585 /* DDView.swift in Sources */,
				DCF9815726983FD400430005 /* DDBitmask.swift in Sources */,
				DC04E8E3268F83840040F7A9 /* AppDelegate.swift in Sources */,
			);
			runOnlyForDeploymentPostprocessing = 0;
		};
		DC04E8F2268F83890040F7A9 /* Sources */ = {
			isa = PBXSourcesBuildPhase;
			buildActionMask = 2147483647;
			files = (
				DC04E8FB268F83890040F7A9 /* DewdropTests.swift in Sources */,
			);
			runOnlyForDeploymentPostprocessing = 0;
		};
		DC04E8FD268F83890040F7A9 /* Sources */ = {
			isa = PBXSourcesBuildPhase;
			buildActionMask = 2147483647;
			files = (
				DC04E906268F83890040F7A9 /* DewdropUITests.swift in Sources */,
			);
			runOnlyForDeploymentPostprocessing = 0;
		};
/* End PBXSourcesBuildPhase section */

/* Begin PBXTargetDependency section */
		DC04E8F8268F83890040F7A9 /* PBXTargetDependency */ = {
			isa = PBXTargetDependency;
			target = DC04E8DE268F83840040F7A9 /* Dewdrop */;
			targetProxy = DC04E8F7268F83890040F7A9 /* PBXContainerItemProxy */;
		};
		DC04E903268F83890040F7A9 /* PBXTargetDependency */ = {
			isa = PBXTargetDependency;
			target = DC04E8DE268F83840040F7A9 /* Dewdrop */;
			targetProxy = DC04E902268F83890040F7A9 /* PBXContainerItemProxy */;
		};
/* End PBXTargetDependency section */

/* Begin PBXVariantGroup section */
		DC04E8EC268F83850040F7A9 /* Main.storyboard */ = {
			isa = PBXVariantGroup;
			children = (
				DC04E8ED268F83850040F7A9 /* Base */,
			);
			name = Main.storyboard;
			sourceTree = "<group>";
		};
/* End PBXVariantGroup section */

/* Begin XCBuildConfiguration section */
		DC04E908268F83890040F7A9 /* Debug */ = {
			isa = XCBuildConfiguration;
			buildSettings = {
				ALWAYS_SEARCH_USER_PATHS = NO;
				CLANG_ANALYZER_NONNULL = YES;
				CLANG_ANALYZER_NUMBER_OBJECT_CONVERSION = YES_AGGRESSIVE;
				CLANG_CXX_LANGUAGE_STANDARD = "gnu++14";
				CLANG_CXX_LIBRARY = "libc++";
				CLANG_ENABLE_MODULES = YES;
				CLANG_ENABLE_OBJC_ARC = YES;
				CLANG_ENABLE_OBJC_WEAK = YES;
				CLANG_WARN_BLOCK_CAPTURE_AUTORELEASING = YES;
				CLANG_WARN_BOOL_CONVERSION = YES;
				CLANG_WARN_COMMA = YES;
				CLANG_WARN_CONSTANT_CONVERSION = YES;
				CLANG_WARN_DEPRECATED_OBJC_IMPLEMENTATIONS = YES;
				CLANG_WARN_DIRECT_OBJC_ISA_USAGE = YES_ERROR;
				CLANG_WARN_DOCUMENTATION_COMMENTS = YES;
				CLANG_WARN_EMPTY_BODY = YES;
				CLANG_WARN_ENUM_CONVERSION = YES;
				CLANG_WARN_INFINITE_RECURSION = YES;
				CLANG_WARN_INT_CONVERSION = YES;
				CLANG_WARN_NON_LITERAL_NULL_CONVERSION = YES;
				CLANG_WARN_OBJC_IMPLICIT_RETAIN_SELF = YES;
				CLANG_WARN_OBJC_LITERAL_CONVERSION = YES;
				CLANG_WARN_OBJC_ROOT_CLASS = YES_ERROR;
				CLANG_WARN_QUOTED_INCLUDE_IN_FRAMEWORK_HEADER = YES;
				CLANG_WARN_RANGE_LOOP_ANALYSIS = YES;
				CLANG_WARN_STRICT_PROTOTYPES = YES;
				CLANG_WARN_SUSPICIOUS_MOVE = YES;
				CLANG_WARN_UNGUARDED_AVAILABILITY = YES_AGGRESSIVE;
				CLANG_WARN_UNREACHABLE_CODE = YES;
				CLANG_WARN__DUPLICATE_METHOD_MATCH = YES;
				COPY_PHASE_STRIP = NO;
				DEBUG_INFORMATION_FORMAT = dwarf;
				ENABLE_STRICT_OBJC_MSGSEND = YES;
				ENABLE_TESTABILITY = YES;
				GCC_C_LANGUAGE_STANDARD = gnu11;
				GCC_DYNAMIC_NO_PIC = NO;
				GCC_NO_COMMON_BLOCKS = YES;
				GCC_OPTIMIZATION_LEVEL = 0;
				GCC_PREPROCESSOR_DEFINITIONS = (
					"DEBUG=1",
					"$(inherited)",
				);
				GCC_WARN_64_TO_32_BIT_CONVERSION = YES;
				GCC_WARN_ABOUT_RETURN_TYPE = YES_ERROR;
				GCC_WARN_UNDECLARED_SELECTOR = YES;
				GCC_WARN_UNINITIALIZED_AUTOS = YES_AGGRESSIVE;
				GCC_WARN_UNUSED_FUNCTION = YES;
				GCC_WARN_UNUSED_VARIABLE = YES;
				IPHONEOS_DEPLOYMENT_TARGET = 14.4;
				MTL_ENABLE_DEBUG_INFO = INCLUDE_SOURCE;
				MTL_FAST_MATH = YES;
				ONLY_ACTIVE_ARCH = YES;
				SDKROOT = iphoneos;
				SWIFT_ACTIVE_COMPILATION_CONDITIONS = DEBUG;
				SWIFT_OPTIMIZATION_LEVEL = "-Onone";
			};
			name = Debug;
		};
		DC04E909268F83890040F7A9 /* Release */ = {
			isa = XCBuildConfiguration;
			buildSettings = {
				ALWAYS_SEARCH_USER_PATHS = NO;
				CLANG_ANALYZER_NONNULL = YES;
				CLANG_ANALYZER_NUMBER_OBJECT_CONVERSION = YES_AGGRESSIVE;
				CLANG_CXX_LANGUAGE_STANDARD = "gnu++14";
				CLANG_CXX_LIBRARY = "libc++";
				CLANG_ENABLE_MODULES = YES;
				CLANG_ENABLE_OBJC_ARC = YES;
				CLANG_ENABLE_OBJC_WEAK = YES;
				CLANG_WARN_BLOCK_CAPTURE_AUTORELEASING = YES;
				CLANG_WARN_BOOL_CONVERSION = YES;
				CLANG_WARN_COMMA = YES;
				CLANG_WARN_CONSTANT_CONVERSION = YES;
				CLANG_WARN_DEPRECATED_OBJC_IMPLEMENTATIONS = YES;
				CLANG_WARN_DIRECT_OBJC_ISA_USAGE = YES_ERROR;
				CLANG_WARN_DOCUMENTATION_COMMENTS = YES;
				CLANG_WARN_EMPTY_BODY = YES;
				CLANG_WARN_ENUM_CONVERSION = YES;
				CLANG_WARN_INFINITE_RECURSION = YES;
				CLANG_WARN_INT_CONVERSION = YES;
				CLANG_WARN_NON_LITERAL_NULL_CONVERSION = YES;
				CLANG_WARN_OBJC_IMPLICIT_RETAIN_SELF = YES;
				CLANG_WARN_OBJC_LITERAL_CONVERSION = YES;
				CLANG_WARN_OBJC_ROOT_CLASS = YES_ERROR;
				CLANG_WARN_QUOTED_INCLUDE_IN_FRAMEWORK_HEADER = YES;
				CLANG_WARN_RANGE_LOOP_ANALYSIS = YES;
				CLANG_WARN_STRICT_PROTOTYPES = YES;
				CLANG_WARN_SUSPICIOUS_MOVE = YES;
				CLANG_WARN_UNGUARDED_AVAILABILITY = YES_AGGRESSIVE;
				CLANG_WARN_UNREACHABLE_CODE = YES;
				CLANG_WARN__DUPLICATE_METHOD_MATCH = YES;
				COPY_PHASE_STRIP = NO;
				DEBUG_INFORMATION_FORMAT = "dwarf-with-dsym";
				ENABLE_NS_ASSERTIONS = NO;
				ENABLE_STRICT_OBJC_MSGSEND = YES;
				GCC_C_LANGUAGE_STANDARD = gnu11;
				GCC_NO_COMMON_BLOCKS = YES;
				GCC_WARN_64_TO_32_BIT_CONVERSION = YES;
				GCC_WARN_ABOUT_RETURN_TYPE = YES_ERROR;
				GCC_WARN_UNDECLARED_SELECTOR = YES;
				GCC_WARN_UNINITIALIZED_AUTOS = YES_AGGRESSIVE;
				GCC_WARN_UNUSED_FUNCTION = YES;
				GCC_WARN_UNUSED_VARIABLE = YES;
				IPHONEOS_DEPLOYMENT_TARGET = 14.4;
				MTL_ENABLE_DEBUG_INFO = NO;
				MTL_FAST_MATH = YES;
				SDKROOT = iphoneos;
				SWIFT_COMPILATION_MODE = wholemodule;
				SWIFT_OPTIMIZATION_LEVEL = "-O";
				VALIDATE_PRODUCT = YES;
			};
			name = Release;
		};
		DC04E90B268F83890040F7A9 /* Debug */ = {
			isa = XCBuildConfiguration;
			buildSettings = {
				ASSETCATALOG_COMPILER_APPICON_NAME = AppIcon;
				ASSETCATALOG_COMPILER_GLOBAL_ACCENT_COLOR_NAME = AccentColor;
				CODE_SIGN_STYLE = Automatic;
				DEVELOPMENT_TEAM = 242JB8SA83;
				INFOPLIST_FILE = Dewdrop/Info.plist;
				LD_RUNPATH_SEARCH_PATHS = (
					"$(inherited)",
					"@executable_path/Frameworks",
				);
				PRODUCT_BUNDLE_IDENTIFIER = io.grapefruits.Dewdrop;
				PRODUCT_NAME = "$(TARGET_NAME)";
				SWIFT_VERSION = 5.0;
				TARGETED_DEVICE_FAMILY = "1,2";
			};
			name = Debug;
		};
		DC04E90C268F83890040F7A9 /* Release */ = {
			isa = XCBuildConfiguration;
			buildSettings = {
				ASSETCATALOG_COMPILER_APPICON_NAME = AppIcon;
				ASSETCATALOG_COMPILER_GLOBAL_ACCENT_COLOR_NAME = AccentColor;
				CODE_SIGN_STYLE = Automatic;
				DEVELOPMENT_TEAM = 242JB8SA83;
				INFOPLIST_FILE = Dewdrop/Info.plist;
				LD_RUNPATH_SEARCH_PATHS = (
					"$(inherited)",
					"@executable_path/Frameworks",
				);
				PRODUCT_BUNDLE_IDENTIFIER = io.grapefruits.Dewdrop;
				PRODUCT_NAME = "$(TARGET_NAME)";
				SWIFT_VERSION = 5.0;
				TARGETED_DEVICE_FAMILY = "1,2";
			};
			name = Release;
		};
		DC04E90E268F83890040F7A9 /* Debug */ = {
			isa = XCBuildConfiguration;
			buildSettings = {
				ALWAYS_EMBED_SWIFT_STANDARD_LIBRARIES = YES;
				BUNDLE_LOADER = "$(TEST_HOST)";
				CODE_SIGN_STYLE = Automatic;
				DEVELOPMENT_TEAM = 242JB8SA83;
				INFOPLIST_FILE = DewdropTests/Info.plist;
				IPHONEOS_DEPLOYMENT_TARGET = 14.4;
				LD_RUNPATH_SEARCH_PATHS = (
					"$(inherited)",
					"@executable_path/Frameworks",
					"@loader_path/Frameworks",
				);
				PRODUCT_BUNDLE_IDENTIFIER = io.grapefruits.DewdropTests;
				PRODUCT_NAME = "$(TARGET_NAME)";
				SWIFT_VERSION = 5.0;
				TARGETED_DEVICE_FAMILY = "1,2";
				TEST_HOST = "$(BUILT_PRODUCTS_DIR)/Dewdrop.app/Dewdrop";
			};
			name = Debug;
		};
		DC04E90F268F83890040F7A9 /* Release */ = {
			isa = XCBuildConfiguration;
			buildSettings = {
				ALWAYS_EMBED_SWIFT_STANDARD_LIBRARIES = YES;
				BUNDLE_LOADER = "$(TEST_HOST)";
				CODE_SIGN_STYLE = Automatic;
				DEVELOPMENT_TEAM = 242JB8SA83;
				INFOPLIST_FILE = DewdropTests/Info.plist;
				IPHONEOS_DEPLOYMENT_TARGET = 14.4;
				LD_RUNPATH_SEARCH_PATHS = (
					"$(inherited)",
					"@executable_path/Frameworks",
					"@loader_path/Frameworks",
				);
				PRODUCT_BUNDLE_IDENTIFIER = io.grapefruits.DewdropTests;
				PRODUCT_NAME = "$(TARGET_NAME)";
				SWIFT_VERSION = 5.0;
				TARGETED_DEVICE_FAMILY = "1,2";
				TEST_HOST = "$(BUILT_PRODUCTS_DIR)/Dewdrop.app/Dewdrop";
			};
			name = Release;
		};
		DC04E911268F83890040F7A9 /* Debug */ = {
			isa = XCBuildConfiguration;
			buildSettings = {
				ALWAYS_EMBED_SWIFT_STANDARD_LIBRARIES = YES;
				CODE_SIGN_STYLE = Automatic;
				DEVELOPMENT_TEAM = 242JB8SA83;
				INFOPLIST_FILE = DewdropUITests/Info.plist;
				LD_RUNPATH_SEARCH_PATHS = (
					"$(inherited)",
					"@executable_path/Frameworks",
					"@loader_path/Frameworks",
				);
				PRODUCT_BUNDLE_IDENTIFIER = io.grapefruits.DewdropUITests;
				PRODUCT_NAME = "$(TARGET_NAME)";
				SWIFT_VERSION = 5.0;
				TARGETED_DEVICE_FAMILY = "1,2";
				TEST_TARGET_NAME = Dewdrop;
			};
			name = Debug;
		};
		DC04E912268F83890040F7A9 /* Release */ = {
			isa = XCBuildConfiguration;
			buildSettings = {
				ALWAYS_EMBED_SWIFT_STANDARD_LIBRARIES = YES;
				CODE_SIGN_STYLE = Automatic;
				DEVELOPMENT_TEAM = 242JB8SA83;
				INFOPLIST_FILE = DewdropUITests/Info.plist;
				LD_RUNPATH_SEARCH_PATHS = (
					"$(inherited)",
					"@executable_path/Frameworks",
					"@loader_path/Frameworks",
				);
				PRODUCT_BUNDLE_IDENTIFIER = io.grapefruits.DewdropUITests;
				PRODUCT_NAME = "$(TARGET_NAME)";
				SWIFT_VERSION = 5.0;
				TARGETED_DEVICE_FAMILY = "1,2";
				TEST_TARGET_NAME = Dewdrop;
			};
			name = Release;
		};
/* End XCBuildConfiguration section */

/* Begin XCConfigurationList section */
		DC04E8DA268F83840040F7A9 /* Build configuration list for PBXProject "Dewdrop" */ = {
			isa = XCConfigurationList;
			buildConfigurations = (
				DC04E908268F83890040F7A9 /* Debug */,
				DC04E909268F83890040F7A9 /* Release */,
			);
			defaultConfigurationIsVisible = 0;
			defaultConfigurationName = Release;
		};
		DC04E90A268F83890040F7A9 /* Build configuration list for PBXNativeTarget "Dewdrop" */ = {
			isa = XCConfigurationList;
			buildConfigurations = (
				DC04E90B268F83890040F7A9 /* Debug */,
				DC04E90C268F83890040F7A9 /* Release */,
			);
			defaultConfigurationIsVisible = 0;
			defaultConfigurationName = Release;
		};
		DC04E90D268F83890040F7A9 /* Build configuration list for PBXNativeTarget "DewdropTests" */ = {
			isa = XCConfigurationList;
			buildConfigurations = (
				DC04E90E268F83890040F7A9 /* Debug */,
				DC04E90F268F83890040F7A9 /* Release */,
			);
			defaultConfigurationIsVisible = 0;
			defaultConfigurationName = Release;
		};
		DC04E910268F83890040F7A9 /* Build configuration list for PBXNativeTarget "DewdropUITests" */ = {
			isa = XCConfigurationList;
			buildConfigurations = (
				DC04E911268F83890040F7A9 /* Debug */,
				DC04E912268F83890040F7A9 /* Release */,
			);
			defaultConfigurationIsVisible = 0;
			defaultConfigurationName = Release;
		};
/* End XCConfigurationList section */
	};
	rootObject = DC04E8D7268F83840040F7A9 /* Project object */;
}
